
Microsoft Visual Studio Solution File, Format Version 12.00
# Visual Studio Version 17
VisualStudioVersion = 17.5.002.0
MinimumVisualStudioVersion = 10.0.40219.1
Project("{9A19103F-16F7-4668-BE54-9A1E7A4F7556}") = "votaciones", "votaciones\votaciones.csproj", "{CF4BFC7E-66B1-41DC-B870-A9CEC21C006F}"
EndProject
Global
	GlobalSection(SolutionConfigurationPlatforms) = preSolution
		Debug|Any CPU = Debug|Any CPU
		Release|Any CPU = Release|Any CPU
	EndGlobalSection
	GlobalSection(ProjectConfigurationPlatforms) = postSolution
		{CF4BFC7E-66B1-41DC-B870-A9CEC21C006F}.Debug|Any CPU.ActiveCfg = Debug|Any CPU
		{CF4BFC7E-66B1-41DC-B870-A9CEC21C006F}.Debug|Any CPU.Build.0 = Debug|Any CPU
		{CF4BFC7E-66B1-41DC-B870-A9CEC21C006F}.Release|Any CPU.ActiveCfg = Release|Any CPU
		{CF4BFC7E-66B1-41DC-B870-A9CEC21C006F}.Release|Any CPU.Build.0 = Release|Any CPU
	EndGlobalSection
	GlobalSection(SolutionProperties) = preSolution
		HideSolutionNode = FALSE
	EndGlobalSection
	GlobalSection(ExtensibilityGlobals) = postSolution
		SolutionGuid = {5F6CBFA0-442A-471E-8746-3CDF0A181AAE}
	EndGlobalSection
EndGlobal
